
Microsoft Visual Studio Solution File, Format Version 12.00
# Visual Studio Version 17
VisualStudioVersion = 17.3.32929.385
MinimumVisualStudioVersion = 10.0.40219.1
Project("{FAE04EC0-301F-11D3-BF4B-00C04F79EFBC}") = "TarefasApi", "TarefasApi\TarefasApi.csproj", "{745071FD-1BAD-44C0-87B3-62C783E89089}"
EndProject
Global
	GlobalSection(SolutionConfigurationPlatforms) = preSolution
		Debug|Any CPU = Debug|Any CPU
		Release|Any CPU = Release|Any CPU
	EndGlobalSection
	GlobalSection(ProjectConfigurationPlatforms) = postSolution
		{745071FD-1BAD-44C0-87B3-62C783E89089}.Debug|Any CPU.ActiveCfg = Debug|Any CPU
		{745071FD-1BAD-44C0-87B3-62C783E89089}.Debug|Any CPU.Build.0 = Debug|Any CPU
		{745071FD-1BAD-44C0-87B3-62C783E89089}.Release|Any CPU.ActiveCfg = Release|Any CPU
		{745071FD-1BAD-44C0-87B3-62C783E89089}.Release|Any CPU.Build.0 = Release|Any CPU
	EndGlobalSection
	GlobalSection(SolutionProperties) = preSolution
		HideSolutionNode = FALSE
	EndGlobalSection
	GlobalSection(ExtensibilityGlobals) = postSolution
		SolutionGuid = {345A9C35-E6AE-4734-A80C-CB14CC0E6088}
	EndGlobalSection
EndGlobal
